<?xml version="1.0" encoding="utf-8"?>
<Project ToolsVersion="4.0" xmlns="http://schemas.microsoft.com/developer/msbuild/2003">
  <ItemGroup>
    <Filter Include="소스 파일">
      <UniqueIdentifier>{4FC737F1-C7A5-4376-A066-2A32D752A2FF}</UniqueIdentifier>
      <Extensions>cpp;c;cc;cxx;c++;cppm;ixx;def;odl;idl;hpj;bat;asm;asmx</Extensions>
    </Filter>
    <Filter Include="헤더 파일">
      <UniqueIdentifier>{93995380-89BD-4b04-88EB-625FBE52EBFB}</UniqueIdentifier>
      <Extensions>h;hh;hpp;hxx;h++;hm;inl;inc;ipp;xsd</Extensions>
    </Filter>
    <Filter Include="리소스 파일">
      <UniqueIdentifier>{67DA6AB6-F800-4c08-8B7A-83BB121AAD01}</UniqueIdentifier>
      <Extensions>rc;ico;cur;bmp;dlg;rc2;rct;bin;rgs;gif;jpg;jpeg;jpe;resx;tiff;tif;png;wav;mfcribbon-ms</Extensions>
    </Filter>
  </ItemGroup>
  <ItemGroup>
    <ClCompile Include="src\analyze.c">
      <Filter>소스 파일</Filter>
    </ClCompile>
    <ClCompile Include="src\analyze2.c">
      <Filter>소스 파일</Filter>
    </ClCompile>
    <ClCompile Include="src\disasm.c">
      <Filter>소스 파일</Filter>
    </ClCompile>
    <ClCompile Include="src\disasmonly.c">
      <Filter>소스 파일</Filter>
    </ClCompile>
    <ClCompile Include="src\etc.c">
      <Filter>소스 파일</Filter>
    </ClCompile>
    <ClCompile Include="src\fpconv.c">
      <Filter>소스 파일</Filter>
    </ClCompile>
    <ClCompile Include="src\generate.c">
      <Filter>소스 파일</Filter>
    </ClCompile>
    <ClCompile Include="src\getopt.c">
      <Filter>소스 파일</Filter>
    </ClCompile>
    <ClCompile Include="src\hex.c">
      <Filter>소스 파일</Filter>
    </ClCompile>
    <ClCompile Include="src\include.c">
      <Filter>소스 파일</Filter>
    </ClCompile>
    <ClCompile Include="src\label.c">
      <Filter>소스 파일</Filter>
    </ClCompile>
    <ClCompile Include="src\labelcheck.c">
      <Filter>소스 파일</Filter>
    </ClCompile>
    <ClCompile Include="src\labelfile.c">
      <Filter>소스 파일</Filter>
    </ClCompile>
    <ClCompile Include="src\main.c">
      <Filter>소스 파일</Filter>
    </ClCompile>
    <ClCompile Include="src\offset.c">
      <Filter>소스 파일</Filter>
    </ClCompile>
    <ClCompile Include="src\option.c">
      <Filter>소스 파일</Filter>
    </ClCompile>
    <ClCompile Include="src\output.c">
      <Filter>소스 파일</Filter>
    </ClCompile>
    <ClCompile Include="src\search.c">
      <Filter>소스 파일</Filter>
    </ClCompile>
    <ClCompile Include="src\symbol.c">
      <Filter>소스 파일</Filter>
    </ClCompile>
    <ClCompile Include="src\table.c">
      <Filter>소스 파일</Filter>
    </ClCompile>
    <ClCompile Include="src\version.c">
      <Filter>소스 파일</Filter>
    </ClCompile>
    <ClCompile Include="src\eval.tab.c">
      <Filter>소스 파일</Filter>
    </ClCompile>
  </ItemGroup>
  <ItemGroup>
    <ClInclude Include="src\analyze.h">
      <Filter>소스 파일</Filter>
    </ClInclude>
    <ClInclude Include="src\disasm.h">
      <Filter>소스 파일</Filter>
    </ClInclude>
    <ClInclude Include="src\estruct.h">
      <Filter>소스 파일</Filter>
    </ClInclude>
    <ClInclude Include="src\etc.h">
      <Filter>소스 파일</Filter>
    </ClInclude>
    <ClInclude Include="src\fpconv.h">
      <Filter>소스 파일</Filter>
    </ClInclude>
    <ClInclude Include="src\generate.h">
      <Filter>소스 파일</Filter>
    </ClInclude>
    <ClInclude Include="src\getopt.h">
      <Filter>소스 파일</Filter>
    </ClInclude>
    <ClInclude Include="src\global.h">
      <Filter>소스 파일</Filter>
    </ClInclude>
    <ClInclude Include="src\hex.h">
      <Filter>소스 파일</Filter>
    </ClInclude>
    <ClInclude Include="src\include.h">
      <Filter>소스 파일</Filter>
    </ClInclude>
    <ClInclude Include="src\label.h">
      <Filter>소스 파일</Filter>
    </ClInclude>
    <ClInclude Include="src\labelfile.h">
      <Filter>소스 파일</Filter>
    </ClInclude>
    <ClInclude Include="src\offset.h">
      <Filter>소스 파일</Filter>
    </ClInclude>
    <ClInclude Include="src\option.h">
      <Filter>소스 파일</Filter>
    </ClInclude>
    <ClInclude Include="src\output.h">
      <Filter>소스 파일</Filter>
    </ClInclude>
    <ClInclude Include="src\symbol.h">
      <Filter>소스 파일</Filter>
    </ClInclude>
    <ClInclude Include="src\table.h">
      <Filter>소스 파일</Filter>
    </ClInclude>
    <ClInclude Include="unistd\unistd.h">
      <Filter>헤더 파일</Filter>
    </ClInclude>
  </ItemGroup>
  <ItemGroup>
    <None Include="src\Makefile">
      <Filter>소스 파일</Filter>
    </None>
    <None Include="src\eval.y">
      <Filter>소스 파일</Filter>
    </None>
  </ItemGroup>
</Project>